// !$*UTF8*$!
{
	archiveVersion = 1;
	classes = {
	};
	objectVersion = 77;
	objects = {

/* Begin PBXContainerItemProxy section */
		FE69BD032E4E2F04009E3AF0 /* PBXContainerItemProxy */ = {
			isa = PBXContainerItemProxy;
			containerPortal = FE69BCE12E4E2F02009E3AF0 /* Project object */;
			proxyType = 1;
			remoteGlobalIDString = FE69BCE82E4E2F02009E3AF0;
			remoteInfo = ListaInteligente;
		};
		FE69BD0D2E4E2F04009E3AF0 /* PBXContainerItemProxy */ = {
			isa = PBXContainerItemProxy;
			containerPortal = FE69BCE12E4E2F02009E3AF0 /* Project object */;
			proxyType = 1;
			remoteGlobalIDString = FE69BCE82E4E2F02009E3AF0;
			remoteInfo = ListaInteligente;
		};
/* End PBXContainerItemProxy section */

/* Begin PBXFileReference section */
		FE69BCE92E4E2F03009E3AF0 /* ListaInteligente.app */ = {isa = PBXFileReference; explicitFileType = wrapper.application; includeInIndex = 0; path = ListaInteligente.app; sourceTree = BUILT_PRODUCTS_DIR; };
		FE69BD022E4E2F04009E3AF0 /* ListaInteligenteTests.xctest */ = {isa = PBXFileReference; explicitFileType = wrapper.cfbundle; includeInIndex = 0; path = ListaInteligenteTests.xctest; sourceTree = BUILT_PRODUCTS_DIR; };
		FE69BD0C2E4E2F04009E3AF0 /* ListaInteligenteUITests.xctest */ = {isa = PBXFileReference; explicitFileType = wrapper.cfbundle; includeInIndex = 0; path = ListaInteligenteUITests.xctest; sourceTree = BUILT_PRODUCTS_DIR; };
/* End PBXFileReference section */

/* Begin PBXFileSystemSynchronizedBuildFileExceptionSet section */
		FE69BD142E4E2F04009E3AF0 /* Exceptions for "ListaInteligente" folder in "ListaInteligente" target */ = {
			isa = PBXFileSystemSynchronizedBuildFileExceptionSet;
			membershipExceptions = (
				Info.plist,
			);
			target = FE69BCE82E4E2F02009E3AF0 /* ListaInteligente */;
		};
/* End PBXFileSystemSynchronizedBuildFileExceptionSet section */

/* Begin PBXFileSystemSynchronizedRootGroup section */
		FE69BCEB2E4E2F03009E3AF0 /* ListaInteligente */ = {
			isa = PBXFileSystemSynchronizedRootGroup;
			exceptions = (
				FE69BD142E4E2F04009E3AF0 /* Exceptions for "ListaInteligente" folder in "ListaInteligente" target */,
			);
			path = ListaInteligente;
			sourceTree = "<group>";
		};
		FE69BD052E4E2F04009E3AF0 /* ListaInteligenteTests */ = {
			isa = PBXFileSystemSynchronizedRootGroup;
			path = ListaInteligenteTests;
			sourceTree = "<group>";
		};
		FE69BD0F2E4E2F04009E3AF0 /* ListaInteligenteUITests */ = {
			isa = PBXFileSystemSynchronizedRootGroup;
			path = ListaInteligenteUITests;
			sourceTree = "<group>";
		};
/* End PBXFileSystemSynchronizedRootGroup section */

/* Begin PBXFrameworksBuildPhase section */
		FE69BCE62E4E2F02009E3AF0 /* Frameworks */ = {
			isa = PBXFrameworksBuildPhase;
			buildActionMask = 2147483647;
			files = (
			);
			runOnlyForDeploymentPostprocessing = 0;
		};
		FE69BCFF2E4E2F04009E3AF0 /* Frameworks */ = {
			isa = PBXFrameworksBuildPhase;
			buildActionMask = 2147483647;
			files = (
			);
			runOnlyForDeploymentPostprocessing = 0;
		};
		FE69BD092E4E2F04009E3AF0 /* Frameworks */ = {
			isa = PBXFrameworksBuildPhase;
			buildActionMask = 2147483647;
			files = (
			);
			runOnlyForDeploymentPostprocessing = 0;
		};
/* End PBXFrameworksBuildPhase section */

/* Begin PBXGroup section */
		FE69BCE02E4E2F02009E3AF0 = {
			isa = PBXGroup;
			children = (
				FE69BCEB2E4E2F03009E3AF0 /* ListaInteligente */,
				FE69BD052E4E2F04009E3AF0 /* ListaInteligenteTests */,
				FE69BD0F2E4E2F04009E3AF0 /* ListaInteligenteUITests */,
				FE69BCEA2E4E2F03009E3AF0 /* Products */,
			);
			sourceTree = "<group>";
		};
		FE69BCEA2E4E2F03009E3AF0 /* Products */ = {
			isa = PBXGroup;
			children = (
				FE69BCE92E4E2F03009E3AF0 /* ListaInteligente.app */,
				FE69BD022E4E2F04009E3AF0 /* ListaInteligenteTests.xctest */,
				FE69BD0C2E4E2F04009E3AF0 /* ListaInteligenteUITests.xctest */,
			);
			name = Products;
			sourceTree = "<group>";
		};
/* End PBXGroup section */

/* Begin PBXNativeTarget section */
		FE69BCE82E4E2F02009E3AF0 /* ListaInteligente */ = {
			isa = PBXNativeTarget;
			buildConfigurationList = FE69BD152E4E2F04009E3AF0 /* Build configuration list for PBXNativeTarget "ListaInteligente" */;
			buildPhases = (
				FE69BCE52E4E2F02009E3AF0 /* Sources */,
				FE69BCE62E4E2F02009E3AF0 /* Frameworks */,
				FE69BCE72E4E2F02009E3AF0 /* Resources */,
			);
			buildRules = (
			);
			dependencies = (
			);
			fileSystemSynchronizedGroups = (
				FE69BCEB2E4E2F03009E3AF0 /* ListaInteligente */,
			);
			name = ListaInteligente;
			packageProductDependencies = (
			);
			productName = ListaInteligente;
			productReference = FE69BCE92E4E2F03009E3AF0 /* ListaInteligente.app */;
			productType = "com.apple.product-type.application";
		};
		FE69BD012E4E2F04009E3AF0 /* ListaInteligenteTests */ = {
			isa = PBXNativeTarget;
			buildConfigurationList = FE69BD1A2E4E2F04009E3AF0 /* Build configuration list for PBXNativeTarget "ListaInteligenteTests" */;
			buildPhases = (
				FE69BCFE2E4E2F04009E3AF0 /* Sources */,
				FE69BCFF2E4E2F04009E3AF0 /* Frameworks */,
				FE69BD002E4E2F04009E3AF0 /* Resources */,
			);
			buildRules = (
			);
			dependencies = (
				FE69BD042E4E2F04009E3AF0 /* PBXTargetDependency */,
			);
			fileSystemSynchronizedGroups = (
				FE69BD052E4E2F04009E3AF0 /* ListaInteligenteTests */,
			);
			name = ListaInteligenteTests;
			packageProductDependencies = (
			);
			productName = ListaInteligenteTests;
			productReference = FE69BD022E4E2F04009E3AF0 /* ListaInteligenteTests.xctest */;
			productType = "com.apple.product-type.bundle.unit-test";
		};
		FE69BD0B2E4E2F04009E3AF0 /* ListaInteligenteUITests */ = {
			isa = PBXNativeTarget;
			buildConfigurationList = FE69BD1D2E4E2F04009E3AF0 /* Build configuration list for PBXNativeTarget "ListaInteligenteUITests" */;
			buildPhases = (
				FE69BD082E4E2F04009E3AF0 /* Sources */,
				FE69BD092E4E2F04009E3AF0 /* Frameworks */,
				FE69BD0A2E4E2F04009E3AF0 /* Resources */,
			);
			buildRules = (
			);
			dependencies = (
				FE69BD0E2E4E2F04009E3AF0 /* PBXTargetDependency */,
			);
			fileSystemSynchronizedGroups = (
				FE69BD0F2E4E2F04009E3AF0 /* ListaInteligenteUITests */,
			);
			name = ListaInteligenteUITests;
			packageProductDependencies = (
			);
			productName = ListaInteligenteUITests;
			productReference = FE69BD0C2E4E2F04009E3AF0 /* ListaInteligenteUITests.xctest */;
			productType = "com.apple.product-type.bundle.ui-testing";
		};
/* End PBXNativeTarget section */

/* Begin PBXProject section */
		FE69BCE12E4E2F02009E3AF0 /* Project object */ = {
			isa = PBXProject;
			attributes = {
				BuildIndependentTargetsInParallel = 1;
				LastSwiftUpdateCheck = 1640;
				LastUpgradeCheck = 1640;
				TargetAttributes = {
					FE69BCE82E4E2F02009E3AF0 = {
						CreatedOnToolsVersion = 16.4;
					};
					FE69BD012E4E2F04009E3AF0 = {
						CreatedOnToolsVersion = 16.4;
						TestTargetID = FE69BCE82E4E2F02009E3AF0;
					};
					FE69BD0B2E4E2F04009E3AF0 = {
						CreatedOnToolsVersion = 16.4;
						TestTargetID = FE69BCE82E4E2F02009E3AF0;
					};
				};
			};
			buildConfigurationList = FE69BCE42E4E2F02009E3AF0 /* Build configuration list for PBXProject "ListaInteligente" */;
			developmentRegion = en;
			hasScannedForEncodings = 0;
			knownRegions = (
				en,
				Base,
			);
			mainGroup = FE69BCE02E4E2F02009E3AF0;
			minimizedProjectReferenceProxies = 1;
			preferredProjectObjectVersion = 77;
			productRefGroup = FE69BCEA2E4E2F03009E3AF0 /* Products */;
			projectDirPath = "";
			projectRoot = "";
			targets = (
				FE69BCE82E4E2F02009E3AF0 /* ListaInteligente */,
				FE69BD012E4E2F04009E3AF0 /* ListaInteligenteTests */,
				FE69BD0B2E4E2F04009E3AF0 /* ListaInteligenteUITests */,
			);
		};
/* End PBXProject section */

/* Begin PBXResourcesBuildPhase section */
		FE69BCE72E4E2F02009E3AF0 /* Resources */ = {
			isa = PBXResourcesBuildPhase;
			buildActionMask = 2147483647;
			files = (
			);
			runOnlyForDeploymentPostprocessing = 0;
		};
		FE69BD002E4E2F04009E3AF0 /* Resources */ = {
			isa = PBXResourcesBuildPhase;
			buildActionMask = 2147483647;
			files = (
			);
			runOnlyForDeploymentPostprocessing = 0;
		};
		FE69BD0A2E4E2F04009E3AF0 /* Resources */ = {
			isa = PBXResourcesBuildPhase;
			buildActionMask = 2147483647;
			files = (
			);
			runOnlyForDeploymentPostprocessing = 0;
		};
/* End PBXResourcesBuildPhase section */

/* Begin PBXSourcesBuildPhase section */
		FE69BCE52E4E2F02009E3AF0 /* Sources */ = {
			isa = PBXSourcesBuildPhase;
			buildActionMask = 2147483647;
			files = (
			);
			runOnlyForDeploymentPostprocessing = 0;
		};
		FE69BCFE2E4E2F04009E3AF0 /* Sources */ = {
			isa = PBXSourcesBuildPhase;
			buildActionMask = 2147483647;
			files = (
			);
			runOnlyForDeploymentPostprocessing = 0;
		};
		FE69BD082E4E2F04009E3AF0 /* Sources */ = {
			isa = PBXSourcesBuildPhase;
			buildActionMask = 2147483647;
			files = (
			);
			runOnlyForDeploymentPostprocessing = 0;
		};
/* End PBXSourcesBuildPhase section */

/* Begin PBXTargetDependency section */
		FE69BD042E4E2F04009E3AF0 /* PBXTargetDependency */ = {
			isa = PBXTargetDependency;
			target = FE69BCE82E4E2F02009E3AF0 /* ListaInteligente */;
			targetProxy = FE69BD032E4E2F04009E3AF0 /* PBXContainerItemProxy */;
		};
		FE69BD0E2E4E2F04009E3AF0 /* PBXTargetDependency */ = {
			isa = PBXTargetDependency;
			target = FE69BCE82E4E2F02009E3AF0 /* ListaInteligente */;
			targetProxy = FE69BD0D2E4E2F04009E3AF0 /* PBXContainerItemProxy */;
		};
/* End PBXTargetDependency section */

/* Begin XCBuildConfiguration section */
		FE69BD162E4E2F04009E3AF0 /* Debug */ = {
			isa = XCBuildConfiguration;
			buildSettings = {
				ASSETCATALOG_COMPILER_APPICON_NAME = AppIcon;
				ASSETCATALOG_COMPILER_GLOBAL_ACCENT_COLOR_NAME = AccentColor;
				CODE_SIGN_STYLE = Automatic;
				CURRENT_PROJECT_VERSION = 1;
				GENERATE_INFOPLIST_FILE = YES;
				INFOPLIST_FILE = ListaInteligente/Info.plist;
				INFOPLIST_KEY_UIApplicationSupportsIndirectInputEvents = YES;
				INFOPLIST_KEY_UILaunchStoryboardName = LaunchScreen;
				INFOPLIST_KEY_UIMainStoryboardFile = Main;
				INFOPLIST_KEY_UISupportedInterfaceOrientations_iPad = "UIInterfaceOrientationPortrait UIInterfaceOrientationPortraitUpsideDown UIInterfaceOrientationLandscapeLeft UIInterfaceOrientationLandscapeRight";
				INFOPLIST_KEY_UISupportedInterfaceOrientations_iPhone = "UIInterfaceOrientationPortrait UIInterfaceOrientationLandscapeLeft UIInterfaceOrientationLandscapeRight";
				LD_RUNPATH_SEARCH_PATHS = (
					"$(inherited)",
					"@executable_path/Frameworks",
				);
				MARKETING_VERSION = 1.0;
				PRODUCT_BUNDLE_IDENTIFIER = com.cursoios.ListaInteligente;
				PRODUCT_NAME = "$(TARGET_NAME)";
				SWIFT_EMIT_LOC_STRINGS = YES;
				SWIFT_VERSION = 5.0;
				TARGETED_DEVICE_FAMILY = "1,2";
			};
			name = Debug;
		};
		FE69BD172E4E2F04009E3AF0 /* Release */ = {
			isa = XCBuildConfiguration;
			buildSettings = {
				ASSETCATALOG_COMPILER_APPICON_NAME = AppIcon;
				ASSETCATALOG_COMPILER_GLOBAL_ACCENT_COLOR_NAME = AccentColor;
				CODE_SIGN_STYLE = Automatic;
				CURRENT_PROJECT_VERSION = 1;
				GENERATE_INFOPLIST_FILE = YES;
				INFOPLIST_FILE = ListaInteligente/Info.plist;
				INFOPLIST_KEY_UIApplicationSupportsIndirectInputEvents = YES;
				INFOPLIST_KEY_UILaunchStoryboardName = LaunchScreen;
				INFOPLIST_KEY_UIMainStoryboardFile = Main;
				INFOPLIST_KEY_UISupportedInterfaceOrientations_iPad = "UIInterfaceOrientationPortrait UIInterfaceOrientationPortraitUpsideDown UIInterfaceOrientationLandscapeLeft UIInterfaceOrientationLandscapeRight";
				INFOPLIST_KEY_UISupportedInterfaceOrientations_iPhone = "UIInterfaceOrientationPortrait UIInterfaceOrientationLandscapeLeft UIInterfaceOrientationLandscapeRight";
				LD_RUNPATH_SEARCH_PATHS = (
					"$(inherited)",
					"@executable_path/Frameworks",
				);
				MARKETING_VERSION = 1.0;
				PRODUCT_BUNDLE_IDENTIFIER = com.cursoios.ListaInteligente;
				PRODUCT_NAME = "$(TARGET_NAME)";
				SWIFT_EMIT_LOC_STRINGS = YES;
				SWIFT_VERSION = 5.0;
				TARGETED_DEVICE_FAMILY = "1,2";
			};
			name = Release;
		};
		FE69BD182E4E2F04009E3AF0 /* Debug */ = {
			isa = XCBuildConfiguration;
			buildSettings = {
				ALWAYS_SEARCH_USER_PATHS = NO;
				ASSETCATALOG_COMPILER_GENERATE_SWIFT_ASSET_SYMBOL_EXTENSIONS = YES;
				CLANG_ANALYZER_NONNULL = YES;
				CLANG_ANALYZER_NUMBER_OBJECT_CONVERSION = YES_AGGRESSIVE;
				CLANG_CXX_LANGUAGE_STANDARD = "gnu++20";
				CLANG_ENABLE_MODULES = YES;
				CLANG_ENABLE_OBJC_ARC = YES;
				CLANG_ENABLE_OBJC_WEAK = YES;
				CLANG_WARN_BLOCK_CAPTURE_AUTORELEASING = YES;
				CLANG_WARN_BOOL_CONVERSION = YES;
				CLANG_WARN_COMMA = YES;
				CLANG_WARN_CONSTANT_CONVERSION = YES;
				CLANG_WARN_DEPRECATED_OBJC_IMPLEMENTATIONS = YES;
				CLANG_WARN_DIRECT_OBJC_ISA_USAGE = YES_ERROR;
				CLANG_WARN_DOCUMENTATION_COMMENTS = YES;
				CLANG_WARN_EMPTY_BODY = YES;
				CLANG_WARN_ENUM_CONVERSION = YES;
				CLANG_WARN_INFINITE_RECURSION = YES;
				CLANG_WARN_INT_CONVERSION = YES;
				CLANG_WARN_NON_LITERAL_NULL_CONVERSION = YES;
				CLANG_WARN_OBJC_IMPLICIT_RETAIN_SELF = YES;
				CLANG_WARN_OBJC_LITERAL_CONVERSION = YES;
				CLANG_WARN_OBJC_ROOT_CLASS = YES_ERROR;
				CLANG_WARN_QUOTED_INCLUDE_IN_FRAMEWORK_HEADER = YES;
				CLANG_WARN_RANGE_LOOP_ANALYSIS = YES;
				CLANG_WARN_STRICT_PROTOTYPES = YES;
				CLANG_WARN_SUSPICIOUS_MOVE = YES;
				CLANG_WARN_UNGUARDED_AVAILABILITY = YES_AGGRESSIVE;
				CLANG_WARN_UNREACHABLE_CODE = YES;
				CLANG_WARN__DUPLICATE_METHOD_MATCH = YES;
				COPY_PHASE_STRIP = NO;
				DEBUG_INFORMATION_FORMAT = dwarf;
				ENABLE_STRICT_OBJC_MSGSEND = YES;
				ENABLE_TESTABILITY = YES;
				ENABLE_USER_SCRIPT_SANDBOXING = YES;
				GCC_C_LANGUAGE_STANDARD = gnu17;
				GCC_DYNAMIC_NO_PIC = NO;
				GCC_NO_COMMON_BLOCKS = YES;
				GCC_OPTIMIZATION_LEVEL = 0;
				GCC_PREPROCESSOR_DEFINITIONS = (
					"DEBUG=1",
					"$(inherited)",
				);
				GCC_WARN_64_TO_32_BIT_CONVERSION = YES;
				GCC_WARN_ABOUT_RETURN_TYPE = YES_ERROR;
				GCC_WARN_UNDECLARED_SELECTOR = YES;
				GCC_WARN_UNINITIALIZED_AUTOS = YES_AGGRESSIVE;
				GCC_WARN_UNUSED_FUNCTION = YES;
				GCC_WARN_UNUSED_VARIABLE = YES;
				IPHONEOS_DEPLOYMENT_TARGET = 18.5;
				LOCALIZATION_PREFERS_STRING_CATALOGS = YES;
				MTL_ENABLE_DEBUG_INFO = INCLUDE_SOURCE;
				MTL_FAST_MATH = YES;
				ONLY_ACTIVE_ARCH = YES;
				SDKROOT = iphoneos;
				SWIFT_ACTIVE_COMPILATION_CONDITIONS = "DEBUG $(inherited)";
				SWIFT_OPTIMIZATION_LEVEL = "-Onone";
			};
			name = Debug;
		};
		FE69BD192E4E2F04009E3AF0 /* Release */ = {
			isa = XCBuildConfiguration;
			buildSettings = {
				ALWAYS_SEARCH_USER_PATHS = NO;
				ASSETCATALOG_COMPILER_GENERATE_SWIFT_ASSET_SYMBOL_EXTENSIONS = YES;
				CLANG_ANALYZER_NONNULL = YES;
				CLANG_ANALYZER_NUMBER_OBJECT_CONVERSION = YES_AGGRESSIVE;
				CLANG_CXX_LANGUAGE_STANDARD = "gnu++20";
				CLANG_ENABLE_MODULES = YES;
				CLANG_ENABLE_OBJC_ARC = YES;
				CLANG_ENABLE_OBJC_WEAK = YES;
				CLANG_WARN_BLOCK_CAPTURE_AUTORELEASING = YES;
				CLANG_WARN_BOOL_CONVERSION = YES;
				CLANG_WARN_COMMA = YES;
				CLANG_WARN_CONSTANT_CONVERSION = YES;
				CLANG_WARN_DEPRECATED_OBJC_IMPLEMENTATIONS = YES;
				CLANG_WARN_DIRECT_OBJC_ISA_USAGE = YES_ERROR;
				CLANG_WARN_DOCUMENTATION_COMMENTS = YES;
				CLANG_WARN_EMPTY_BODY = YES;
				CLANG_WARN_ENUM_CONVERSION = YES;
				CLANG_WARN_INFINITE_RECURSION = YES;
				CLANG_WARN_INT_CONVERSION = YES;
				CLANG_WARN_NON_LITERAL_NULL_CONVERSION = YES;
				CLANG_WARN_OBJC_IMPLICIT_RETAIN_SELF = YES;
				CLANG_WARN_OBJC_LITERAL_CONVERSION = YES;
				CLANG_WARN_OBJC_ROOT_CLASS = YES_ERROR;
				CLANG_WARN_QUOTED_INCLUDE_IN_FRAMEWORK_HEADER = YES;
				CLANG_WARN_RANGE_LOOP_ANALYSIS = YES;
				CLANG_WARN_STRICT_PROTOTYPES = YES;
				CLANG_WARN_SUSPICIOUS_MOVE = YES;
				CLANG_WARN_UNGUARDED_AVAILABILITY = YES_AGGRESSIVE;
				CLANG_WARN_UNREACHABLE_CODE = YES;
				CLANG_WARN__DUPLICATE_METHOD_MATCH = YES;
				COPY_PHASE_STRIP = NO;
				DEBUG_INFORMATION_FORMAT = "dwarf-with-dsym";
				ENABLE_NS_ASSERTIONS = NO;
				ENABLE_STRICT_OBJC_MSGSEND = YES;
				ENABLE_USER_SCRIPT_SANDBOXING = YES;
				GCC_C_LANGUAGE_STANDARD = gnu17;
				GCC_NO_COMMON_BLOCKS = YES;
				GCC_WARN_64_TO_32_BIT_CONVERSION = YES;
				GCC_WARN_ABOUT_RETURN_TYPE = YES_ERROR;
				GCC_WARN_UNDECLARED_SELECTOR = YES;
				GCC_WARN_UNINITIALIZED_AUTOS = YES_AGGRESSIVE;
				GCC_WARN_UNUSED_FUNCTION = YES;
				GCC_WARN_UNUSED_VARIABLE = YES;
				IPHONEOS_DEPLOYMENT_TARGET = 18.5;
				LOCALIZATION_PREFERS_STRING_CATALOGS = YES;
				MTL_ENABLE_DEBUG_INFO = NO;
				MTL_FAST_MATH = YES;
				SDKROOT = iphoneos;
				SWIFT_COMPILATION_MODE = wholemodule;
				VALIDATE_PRODUCT = YES;
			};
			name = Release;
		};
		FE69BD1B2E4E2F04009E3AF0 /* Debug */ = {
			isa = XCBuildConfiguration;
			buildSettings = {
				BUNDLE_LOADER = "$(TEST_HOST)";
				CODE_SIGN_STYLE = Automatic;
				CURRENT_PROJECT_VERSION = 1;
				GENERATE_INFOPLIST_FILE = YES;
				IPHONEOS_DEPLOYMENT_TARGET = 18.5;
				MARKETING_VERSION = 1.0;
				PRODUCT_BUNDLE_IDENTIFIER = com.cursoios.ListaInteligenteTests;
				PRODUCT_NAME = "$(TARGET_NAME)";
				SWIFT_EMIT_LOC_STRINGS = NO;
				SWIFT_VERSION = 5.0;
				TARGETED_DEVICE_FAMILY = "1,2";
				TEST_HOST = "$(BUILT_PRODUCTS_DIR)/ListaInteligente.app/$(BUNDLE_EXECUTABLE_FOLDER_PATH)/ListaInteligente";
			};
			name = Debug;
		};
		FE69BD1C2E4E2F04009E3AF0 /* Release */ = {
			isa = XCBuildConfiguration;
			buildSettings = {
				BUNDLE_LOADER = "$(TEST_HOST)";
				CODE_SIGN_STYLE = Automatic;
				CURRENT_PROJECT_VERSION = 1;
				GENERATE_INFOPLIST_FILE = YES;
				IPHONEOS_DEPLOYMENT_TARGET = 18.5;
				MARKETING_VERSION = 1.0;
				PRODUCT_BUNDLE_IDENTIFIER = com.cursoios.ListaInteligenteTests;
				PRODUCT_NAME = "$(TARGET_NAME)";
				SWIFT_EMIT_LOC_STRINGS = NO;
				SWIFT_VERSION = 5.0;
				TARGETED_DEVICE_FAMILY = "1,2";
				TEST_HOST = "$(BUILT_PRODUCTS_DIR)/ListaInteligente.app/$(BUNDLE_EXECUTABLE_FOLDER_PATH)/ListaInteligente";
			};
			name = Release;
		};
		FE69BD1E2E4E2F04009E3AF0 /* Debug */ = {
			isa = XCBuildConfiguration;
			buildSettings = {
				CODE_SIGN_STYLE = Automatic;
				CURRENT_PROJECT_VERSION = 1;
				GENERATE_INFOPLIST_FILE = YES;
				MARKETING_VERSION = 1.0;
				PRODUCT_BUNDLE_IDENTIFIER = com.cursoios.ListaInteligenteUITests;
				PRODUCT_NAME = "$(TARGET_NAME)";
				SWIFT_EMIT_LOC_STRINGS = NO;
				SWIFT_VERSION = 5.0;
				TARGETED_DEVICE_FAMILY = "1,2";
				TEST_TARGET_NAME = ListaInteligente;
			};
			name = Debug;
		};
		FE69BD1F2E4E2F04009E3AF0 /* Release */ = {
			isa = XCBuildConfiguration;
			buildSettings = {
				CODE_SIGN_STYLE = Automatic;
				CURRENT_PROJECT_VERSION = 1;
				GENERATE_INFOPLIST_FILE = YES;
				MARKETING_VERSION = 1.0;
				PRODUCT_BUNDLE_IDENTIFIER = com.cursoios.ListaInteligenteUITests;
				PRODUCT_NAME = "$(TARGET_NAME)";
				SWIFT_EMIT_LOC_STRINGS = NO;
				SWIFT_VERSION = 5.0;
				TARGETED_DEVICE_FAMILY = "1,2";
				TEST_TARGET_NAME = ListaInteligente;
			};
			name = Release;
		};
/* End XCBuildConfiguration section */

/* Begin XCConfigurationList section */
		FE69BCE42E4E2F02009E3AF0 /* Build configuration list for PBXProject "ListaInteligente" */ = {
			isa = XCConfigurationList;
			buildConfigurations = (
				FE69BD182E4E2F04009E3AF0 /* Debug */,
				FE69BD192E4E2F04009E3AF0 /* Release */,
			);
			defaultConfigurationIsVisible = 0;
			defaultConfigurationName = Release;
		};
		FE69BD152E4E2F04009E3AF0 /* Build configuration list for PBXNativeTarget "ListaInteligente" */ = {
			isa = XCConfigurationList;
			buildConfigurations = (
				FE69BD162E4E2F04009E3AF0 /* Debug */,
				FE69BD172E4E2F04009E3AF0 /* Release */,
			);
			defaultConfigurationIsVisible = 0;
			defaultConfigurationName = Release;
		};
		FE69BD1A2E4E2F04009E3AF0 /* Build configuration list for PBXNativeTarget "ListaInteligenteTests" */ = {
			isa = XCConfigurationList;
			buildConfigurations = (
				FE69BD1B2E4E2F04009E3AF0 /* Debug */,
				FE69BD1C2E4E2F04009E3AF0 /* Release */,
			);
			defaultConfigurationIsVisible = 0;
			defaultConfigurationName = Release;
		};
		FE69BD1D2E4E2F04009E3AF0 /* Build configuration list for PBXNativeTarget "ListaInteligenteUITests" */ = {
			isa = XCConfigurationList;
			buildConfigurations = (
				FE69BD1E2E4E2F04009E3AF0 /* Debug */,
				FE69BD1F2E4E2F04009E3AF0 /* Release */,
			);
			defaultConfigurationIsVisible = 0;
			defaultConfigurationName = Release;
		};
/* End XCConfigurationList section */
	};
	rootObject = FE69BCE12E4E2F02009E3AF0 /* Project object */;
}
